
Microsoft Visual Studio Solution File, Format Version 12.00
# Visual Studio Version 16
VisualStudioVersion = 16.0.29806.167
MinimumVisualStudioVersion = 10.0.40219.1
Project("{FAE04EC0-301F-11D3-BF4B-00C04F79EFBC}") = "NeuralNetworkLibrary", "NeuralNetworkLibrary\NeuralNetworkLibrary.csproj", "{DEE1082C-7952-4CDA-B108-25713B3F78BA}"
EndProject
Project("{FAE04EC0-301F-11D3-BF4B-00C04F79EFBC}") = "NeuralNetworkLibraryTests", "NeuralNetworkLibraryTests\NeuralNetworkLibraryTests.csproj", "{1FA58844-984A-46FD-AA24-38D9927924CE}"
EndProject
Project("{FAE04EC0-301F-11D3-BF4B-00C04F79EFBC}") = "MedicalSystem", "MedicalSystem\MedicalSystem.csproj", "{5CB17D27-16B1-4FFD-A8D2-3E859C89759F}"
EndProject
Global
	GlobalSection(SolutionConfigurationPlatforms) = preSolution
		Debug|Any CPU = Debug|Any CPU
		Release|Any CPU = Release|Any CPU
	EndGlobalSection
	GlobalSection(ProjectConfigurationPlatforms) = postSolution
		{DEE1082C-7952-4CDA-B108-25713B3F78BA}.Debug|Any CPU.ActiveCfg = Debug|Any CPU
		{DEE1082C-7952-4CDA-B108-25713B3F78BA}.Debug|Any CPU.Build.0 = Debug|Any CPU
		{DEE1082C-7952-4CDA-B108-25713B3F78BA}.Release|Any CPU.ActiveCfg = Release|Any CPU
		{DEE1082C-7952-4CDA-B108-25713B3F78BA}.Release|Any CPU.Build.0 = Release|Any CPU
		{1FA58844-984A-46FD-AA24-38D9927924CE}.Debug|Any CPU.ActiveCfg = Debug|Any CPU
		{1FA58844-984A-46FD-AA24-38D9927924CE}.Debug|Any CPU.Build.0 = Debug|Any CPU
		{1FA58844-984A-46FD-AA24-38D9927924CE}.Release|Any CPU.ActiveCfg = Release|Any CPU
		{1FA58844-984A-46FD-AA24-38D9927924CE}.Release|Any CPU.Build.0 = Release|Any CPU
		{5CB17D27-16B1-4FFD-A8D2-3E859C89759F}.Debug|Any CPU.ActiveCfg = Debug|Any CPU
		{5CB17D27-16B1-4FFD-A8D2-3E859C89759F}.Debug|Any CPU.Build.0 = Debug|Any CPU
		{5CB17D27-16B1-4FFD-A8D2-3E859C89759F}.Release|Any CPU.ActiveCfg = Release|Any CPU
		{5CB17D27-16B1-4FFD-A8D2-3E859C89759F}.Release|Any CPU.Build.0 = Release|Any CPU
	EndGlobalSection
	GlobalSection(SolutionProperties) = preSolution
		HideSolutionNode = FALSE
	EndGlobalSection
	GlobalSection(ExtensibilityGlobals) = postSolution
		SolutionGuid = {C3857F73-DED2-4C66-83FE-82DD71C7C855}
	EndGlobalSection
EndGlobal
